
Microsoft Visual Studio Solution File, Format Version 12.00
# Visual Studio 15
VisualStudioVersion = 15.0.28307.960
MinimumVisualStudioVersion = 10.0.40219.1
Project("{FAE04EC0-301F-11D3-BF4B-00C04F79EFBC}") = "TD2Sarget.Android", "TD2Sarget\TD2Sarget.Android\TD2Sarget.Android.csproj", "{CB97D975-8E68-415D-A57A-F973242A6098}"
EndProject
Project("{FAE04EC0-301F-11D3-BF4B-00C04F79EFBC}") = "TD2Sarget.iOS", "TD2Sarget\TD2Sarget.iOS\TD2Sarget.iOS.csproj", "{4FAF0D88-2B33-4355-87DA-8AC87D7D121C}"
EndProject
Project("{FAE04EC0-301F-11D3-BF4B-00C04F79EFBC}") = "TD2Sarget", "TD2Sarget\TD2Sarget\TD2Sarget.csproj", "{1A61F206-B667-4504-9489-A595D4542D87}"
EndProject
Global
	GlobalSection(SolutionConfigurationPlatforms) = preSolution
		Ad-Hoc|Any CPU = Ad-Hoc|Any CPU
		Ad-Hoc|iPhone = Ad-Hoc|iPhone
		Ad-Hoc|iPhoneSimulator = Ad-Hoc|iPhoneSimulator
		AppStore|Any CPU = AppStore|Any CPU
		AppStore|iPhone = AppStore|iPhone
		AppStore|iPhoneSimulator = AppStore|iPhoneSimulator
		Debug|Any CPU = Debug|Any CPU
		Debug|iPhone = Debug|iPhone
		Debug|iPhoneSimulator = Debug|iPhoneSimulator
		Release|Any CPU = Release|Any CPU
		Release|iPhone = Release|iPhone
		Release|iPhoneSimulator = Release|iPhoneSimulator
	EndGlobalSection
	GlobalSection(ProjectConfigurationPlatforms) = postSolution
		{CB97D975-8E68-415D-A57A-F973242A6098}.Ad-Hoc|Any CPU.ActiveCfg = Release|Any CPU
		{CB97D975-8E68-415D-A57A-F973242A6098}.Ad-Hoc|Any CPU.Build.0 = Release|Any CPU
		{CB97D975-8E68-415D-A57A-F973242A6098}.Ad-Hoc|Any CPU.Deploy.0 = Release|Any CPU
		{CB97D975-8E68-415D-A57A-F973242A6098}.Ad-Hoc|iPhone.ActiveCfg = Release|Any CPU
		{CB97D975-8E68-415D-A57A-F973242A6098}.Ad-Hoc|iPhone.Build.0 = Release|Any CPU
		{CB97D975-8E68-415D-A57A-F973242A6098}.Ad-Hoc|iPhone.Deploy.0 = Release|Any CPU
		{CB97D975-8E68-415D-A57A-F973242A6098}.Ad-Hoc|iPhoneSimulator.ActiveCfg = Release|Any CPU
		{CB97D975-8E68-415D-A57A-F973242A6098}.Ad-Hoc|iPhoneSimulator.Build.0 = Release|Any CPU
		{CB97D975-8E68-415D-A57A-F973242A6098}.Ad-Hoc|iPhoneSimulator.Deploy.0 = Release|Any CPU
		{CB97D975-8E68-415D-A57A-F973242A6098}.AppStore|Any CPU.ActiveCfg = Release|Any CPU
		{CB97D975-8E68-415D-A57A-F973242A6098}.AppStore|Any CPU.Build.0 = Release|Any CPU
		{CB97D975-8E68-415D-A57A-F973242A6098}.AppStore|Any CPU.Deploy.0 = Release|Any CPU
		{CB97D975-8E68-415D-A57A-F973242A6098}.AppStore|iPhone.ActiveCfg = Release|Any CPU
		{CB97D975-8E68-415D-A57A-F973242A6098}.AppStore|iPhone.Build.0 = Release|Any CPU
		{CB97D975-8E68-415D-A57A-F973242A6098}.AppStore|iPhone.Deploy.0 = Release|Any CPU
		{CB97D975-8E68-415D-A57A-F973242A6098}.AppStore|iPhoneSimulator.ActiveCfg = Release|Any CPU
		{CB97D975-8E68-415D-A57A-F973242A6098}.AppStore|iPhoneSimulator.Build.0 = Release|Any CPU
		{CB97D975-8E68-415D-A57A-F973242A6098}.AppStore|iPhoneSimulator.Deploy.0 = Release|Any CPU
		{CB97D975-8E68-415D-A57A-F973242A6098}.Debug|Any CPU.ActiveCfg = Debug|Any CPU
		{CB97D975-8E68-415D-A57A-F973242A6098}.Debug|Any CPU.Build.0 = Debug|Any CPU
		{CB97D975-8E68-415D-A57A-F973242A6098}.Debug|Any CPU.Deploy.0 = Debug|Any CPU
		{CB97D975-8E68-415D-A57A-F973242A6098}.Debug|iPhone.ActiveCfg = Debug|Any CPU
		{CB97D975-8E68-415D-A57A-F973242A6098}.Debug|iPhone.Build.0 = Debug|Any CPU
		{CB97D975-8E68-415D-A57A-F973242A6098}.Debug|iPhone.Deploy.0 = Debug|Any CPU
		{CB97D975-8E68-415D-A57A-F973242A6098}.Debug|iPhoneSimulator.ActiveCfg = Debug|Any CPU
		{CB97D975-8E68-415D-A57A-F973242A6098}.Debug|iPhoneSimulator.Build.0 = Debug|Any CPU
		{CB97D975-8E68-415D-A57A-F973242A6098}.Debug|iPhoneSimulator.Deploy.0 = Debug|Any CPU
		{CB97D975-8E68-415D-A57A-F973242A6098}.Release|Any CPU.ActiveCfg = Release|Any CPU
		{CB97D975-8E68-415D-A57A-F973242A6098}.Release|Any CPU.Build.0 = Release|Any CPU
		{CB97D975-8E68-415D-A57A-F973242A6098}.Release|Any CPU.Deploy.0 = Release|Any CPU
		{CB97D975-8E68-415D-A57A-F973242A6098}.Release|iPhone.ActiveCfg = Release|Any CPU
		{CB97D975-8E68-415D-A57A-F973242A6098}.Release|iPhone.Build.0 = Release|Any CPU
		{CB97D975-8E68-415D-A57A-F973242A6098}.Release|iPhone.Deploy.0 = Release|Any CPU
		{CB97D975-8E68-415D-A57A-F973242A6098}.Release|iPhoneSimulator.ActiveCfg = Release|Any CPU
		{CB97D975-8E68-415D-A57A-F973242A6098}.Release|iPhoneSimulator.Build.0 = Release|Any CPU
		{CB97D975-8E68-415D-A57A-F973242A6098}.Release|iPhoneSimulator.Deploy.0 = Release|Any CPU
		{4FAF0D88-2B33-4355-87DA-8AC87D7D121C}.Ad-Hoc|Any CPU.ActiveCfg = Ad-Hoc|iPhone
		{4FAF0D88-2B33-4355-87DA-8AC87D7D121C}.Ad-Hoc|Any CPU.Build.0 = Ad-Hoc|iPhone
		{4FAF0D88-2B33-4355-87DA-8AC87D7D121C}.Ad-Hoc|Any CPU.Deploy.0 = Ad-Hoc|iPhone
		{4FAF0D88-2B33-4355-87DA-8AC87D7D121C}.Ad-Hoc|iPhone.ActiveCfg = Ad-Hoc|iPhone
		{4FAF0D88-2B33-4355-87DA-8AC87D7D121C}.Ad-Hoc|iPhone.Build.0 = Ad-Hoc|iPhone
		{4FAF0D88-2B33-4355-87DA-8AC87D7D121C}.Ad-Hoc|iPhone.Deploy.0 = Ad-Hoc|iPhone
		{4FAF0D88-2B33-4355-87DA-8AC87D7D121C}.Ad-Hoc|iPhoneSimulator.ActiveCfg = Ad-Hoc|iPhoneSimulator
		{4FAF0D88-2B33-4355-87DA-8AC87D7D121C}.Ad-Hoc|iPhoneSimulator.Build.0 = Ad-Hoc|iPhoneSimulator
		{4FAF0D88-2B33-4355-87DA-8AC87D7D121C}.Ad-Hoc|iPhoneSimulator.Deploy.0 = Ad-Hoc|iPhoneSimulator
		{4FAF0D88-2B33-4355-87DA-8AC87D7D121C}.AppStore|Any CPU.ActiveCfg = AppStore|iPhone
		{4FAF0D88-2B33-4355-87DA-8AC87D7D121C}.AppStore|Any CPU.Build.0 = AppStore|iPhone
		{4FAF0D88-2B33-4355-87DA-8AC87D7D121C}.AppStore|Any CPU.Deploy.0 = AppStore|iPhone
		{4FAF0D88-2B33-4355-87DA-8AC87D7D121C}.AppStore|iPhone.ActiveCfg = AppStore|iPhone
		{4FAF0D88-2B33-4355-87DA-8AC87D7D121C}.AppStore|iPhone.Build.0 = AppStore|iPhone
		{4FAF0D88-2B33-4355-87DA-8AC87D7D121C}.AppStore|iPhone.Deploy.0 = AppStore|iPhone
		{4FAF0D88-2B33-4355-87DA-8AC87D7D121C}.AppStore|iPhoneSimulator.ActiveCfg = AppStore|iPhoneSimulator
		{4FAF0D88-2B33-4355-87DA-8AC87D7D121C}.AppStore|iPhoneSimulator.Build.0 = AppStore|iPhoneSimulator
		{4FAF0D88-2B33-4355-87DA-8AC87D7D121C}.AppStore|iPhoneSimulator.Deploy.0 = AppStore|iPhoneSimulator
		{4FAF0D88-2B33-4355-87DA-8AC87D7D121C}.Debug|Any CPU.ActiveCfg = Debug|iPhoneSimulator
		{4FAF0D88-2B33-4355-87DA-8AC87D7D121C}.Debug|Any CPU.Build.0 = Debug|iPhoneSimulator
		{4FAF0D88-2B33-4355-87DA-8AC87D7D121C}.Debug|Any CPU.Deploy.0 = Debug|iPhoneSimulator
		{4FAF0D88-2B33-4355-87DA-8AC87D7D121C}.Debug|iPhone.ActiveCfg = Debug|iPhone
		{4FAF0D88-2B33-4355-87DA-8AC87D7D121C}.Debug|iPhone.Build.0 = Debug|iPhone
		{4FAF0D88-2B33-4355-87DA-8AC87D7D121C}.Debug|iPhone.Deploy.0 = Debug|iPhone
		{4FAF0D88-2B33-4355-87DA-8AC87D7D121C}.Debug|iPhoneSimulator.ActiveCfg = Debug|iPhoneSimulator
		{4FAF0D88-2B33-4355-87DA-8AC87D7D121C}.Debug|iPhoneSimulator.Build.0 = Debug|iPhoneSimulator
		{4FAF0D88-2B33-4355-87DA-8AC87D7D121C}.Debug|iPhoneSimulator.Deploy.0 = Debug|iPhoneSimulator
		{4FAF0D88-2B33-4355-87DA-8AC87D7D121C}.Release|Any CPU.ActiveCfg = Release|iPhone
		{4FAF0D88-2B33-4355-87DA-8AC87D7D121C}.Release|Any CPU.Build.0 = Release|iPhone
		{4FAF0D88-2B33-4355-87DA-8AC87D7D121C}.Release|Any CPU.Deploy.0 = Release|iPhone
		{4FAF0D88-2B33-4355-87DA-8AC87D7D121C}.Release|iPhone.ActiveCfg = Release|iPhone
		{4FAF0D88-2B33-4355-87DA-8AC87D7D121C}.Release|iPhone.Build.0 = Release|iPhone
		{4FAF0D88-2B33-4355-87DA-8AC87D7D121C}.Release|iPhone.Deploy.0 = Release|iPhone
		{4FAF0D88-2B33-4355-87DA-8AC87D7D121C}.Release|iPhoneSimulator.ActiveCfg = Release|iPhoneSimulator
		{4FAF0D88-2B33-4355-87DA-8AC87D7D121C}.Release|iPhoneSimulator.Build.0 = Release|iPhoneSimulator
		{4FAF0D88-2B33-4355-87DA-8AC87D7D121C}.Release|iPhoneSimulator.Deploy.0 = Release|iPhoneSimulator
		{1A61F206-B667-4504-9489-A595D4542D87}.Ad-Hoc|Any CPU.ActiveCfg = Debug|Any CPU
		{1A61F206-B667-4504-9489-A595D4542D87}.Ad-Hoc|Any CPU.Build.0 = Debug|Any CPU
		{1A61F206-B667-4504-9489-A595D4542D87}.Ad-Hoc|Any CPU.Deploy.0 = Debug|Any CPU
		{1A61F206-B667-4504-9489-A595D4542D87}.Ad-Hoc|iPhone.ActiveCfg = Debug|Any CPU
		{1A61F206-B667-4504-9489-A595D4542D87}.Ad-Hoc|iPhone.Build.0 = Debug|Any CPU
		{1A61F206-B667-4504-9489-A595D4542D87}.Ad-Hoc|iPhone.Deploy.0 = Debug|Any CPU
		{1A61F206-B667-4504-9489-A595D4542D87}.Ad-Hoc|iPhoneSimulator.ActiveCfg = Debug|Any CPU
		{1A61F206-B667-4504-9489-A595D4542D87}.Ad-Hoc|iPhoneSimulator.Build.0 = Debug|Any CPU
		{1A61F206-B667-4504-9489-A595D4542D87}.Ad-Hoc|iPhoneSimulator.Deploy.0 = Debug|Any CPU
		{1A61F206-B667-4504-9489-A595D4542D87}.AppStore|Any CPU.ActiveCfg = Debug|Any CPU
		{1A61F206-B667-4504-9489-A595D4542D87}.AppStore|Any CPU.Build.0 = Debug|Any CPU
		{1A61F206-B667-4504-9489-A595D4542D87}.AppStore|Any CPU.Deploy.0 = Debug|Any CPU
		{1A61F206-B667-4504-9489-A595D4542D87}.AppStore|iPhone.ActiveCfg = Debug|Any CPU
		{1A61F206-B667-4504-9489-A595D4542D87}.AppStore|iPhone.Build.0 = Debug|Any CPU
		{1A61F206-B667-4504-9489-A595D4542D87}.AppStore|iPhone.Deploy.0 = Debug|Any CPU
		{1A61F206-B667-4504-9489-A595D4542D87}.AppStore|iPhoneSimulator.ActiveCfg = Debug|Any CPU
		{1A61F206-B667-4504-9489-A595D4542D87}.AppStore|iPhoneSimulator.Build.0 = Debug|Any CPU
		{1A61F206-B667-4504-9489-A595D4542D87}.AppStore|iPhoneSimulator.Deploy.0 = Debug|Any CPU
		{1A61F206-B667-4504-9489-A595D4542D87}.Debug|Any CPU.ActiveCfg = Debug|Any CPU
		{1A61F206-B667-4504-9489-A595D4542D87}.Debug|Any CPU.Build.0 = Debug|Any CPU
		{1A61F206-B667-4504-9489-A595D4542D87}.Debug|Any CPU.Deploy.0 = Debug|Any CPU
		{1A61F206-B667-4504-9489-A595D4542D87}.Debug|iPhone.ActiveCfg = Debug|Any CPU
		{1A61F206-B667-4504-9489-A595D4542D87}.Debug|iPhone.Build.0 = Debug|Any CPU
		{1A61F206-B667-4504-9489-A595D4542D87}.Debug|iPhone.Deploy.0 = Debug|Any CPU
		{1A61F206-B667-4504-9489-A595D4542D87}.Debug|iPhoneSimulator.ActiveCfg = Debug|Any CPU
		{1A61F206-B667-4504-9489-A595D4542D87}.Debug|iPhoneSimulator.Build.0 = Debug|Any CPU
		{1A61F206-B667-4504-9489-A595D4542D87}.Debug|iPhoneSimulator.Deploy.0 = Debug|Any CPU
		{1A61F206-B667-4504-9489-A595D4542D87}.Release|Any CPU.ActiveCfg = Release|Any CPU
		{1A61F206-B667-4504-9489-A595D4542D87}.Release|Any CPU.Build.0 = Release|Any CPU
		{1A61F206-B667-4504-9489-A595D4542D87}.Release|Any CPU.Deploy.0 = Release|Any CPU
		{1A61F206-B667-4504-9489-A595D4542D87}.Release|iPhone.ActiveCfg = Release|Any CPU
		{1A61F206-B667-4504-9489-A595D4542D87}.Release|iPhone.Build.0 = Release|Any CPU
		{1A61F206-B667-4504-9489-A595D4542D87}.Release|iPhone.Deploy.0 = Release|Any CPU
		{1A61F206-B667-4504-9489-A595D4542D87}.Release|iPhoneSimulator.ActiveCfg = Release|Any CPU
		{1A61F206-B667-4504-9489-A595D4542D87}.Release|iPhoneSimulator.Build.0 = Release|Any CPU
		{1A61F206-B667-4504-9489-A595D4542D87}.Release|iPhoneSimulator.Deploy.0 = Release|Any CPU
	EndGlobalSection
	GlobalSection(SolutionProperties) = preSolution
		HideSolutionNode = FALSE
	EndGlobalSection
	GlobalSection(ExtensibilityGlobals) = postSolution
		SolutionGuid = {CE49887D-86F1-4770-8426-1D62DC2C8EE1}
	EndGlobalSection
EndGlobal
